
Microsoft Visual Studio Solution File, Format Version 12.00
# Visual Studio Version 16
VisualStudioVersion = 16.0.30204.135
MinimumVisualStudioVersion = 10.0.40219.1
Project("{FAE04EC0-301F-11D3-BF4B-00C04F79EFBC}") = "FamilyThings", "FamilyThings.csproj", "{22737CE9-B6C5-4D7D-9B39-33366992EA65}"
EndProject
Project("{FAE04EC0-301F-11D3-BF4B-00C04F79EFBC}") = "FamilyLibrary", "..\FamilyLibrary\FamilyLibrary.csproj", "{A8A23334-3E91-45B6-BB30-C40D775DE63D}"
EndProject
Global
	GlobalSection(SolutionConfigurationPlatforms) = preSolution
		Debug|Any CPU = Debug|Any CPU
		Release|Any CPU = Release|Any CPU
	EndGlobalSection
	GlobalSection(ProjectConfigurationPlatforms) = postSolution
		{22737CE9-B6C5-4D7D-9B39-33366992EA65}.Debug|Any CPU.ActiveCfg = Debug|Any CPU
		{22737CE9-B6C5-4D7D-9B39-33366992EA65}.Debug|Any CPU.Build.0 = Debug|Any CPU
		{22737CE9-B6C5-4D7D-9B39-33366992EA65}.Release|Any CPU.ActiveCfg = Release|Any CPU
		{22737CE9-B6C5-4D7D-9B39-33366992EA65}.Release|Any CPU.Build.0 = Release|Any CPU
		{A8A23334-3E91-45B6-BB30-C40D775DE63D}.Debug|Any CPU.ActiveCfg = Debug|Any CPU
		{A8A23334-3E91-45B6-BB30-C40D775DE63D}.Debug|Any CPU.Build.0 = Debug|Any CPU
		{A8A23334-3E91-45B6-BB30-C40D775DE63D}.Release|Any CPU.ActiveCfg = Release|Any CPU
		{A8A23334-3E91-45B6-BB30-C40D775DE63D}.Release|Any CPU.Build.0 = Release|Any CPU
	EndGlobalSection
	GlobalSection(SolutionProperties) = preSolution
		HideSolutionNode = FALSE
	EndGlobalSection
	GlobalSection(ExtensibilityGlobals) = postSolution
		SolutionGuid = {AF7FBD47-11A3-4F25-BB44-FF4D9B34731E}
	EndGlobalSection
EndGlobal
